<?xml version="1.0" encoding="utf-8"?>
<Project ToolsVersion="4.0" xmlns="http://schemas.microsoft.com/developer/msbuild/2003">
  <ItemGroup>
    <Filter Include="Main">
      <UniqueIdentifier>{a9008d4a-ea6a-4a12-bd08-d7c6c43c4029}</UniqueIdentifier>
    </Filter>
    <Filter Include="Render">
      <UniqueIdentifier>{ce78c345-cd8c-451e-895d-346658c30e59}</UniqueIdentifier>
    </Filter>
    <Filter Include="Shader">
      <UniqueIdentifier>{cb6455e1-b0a6-49f2-b891-51954ae70991}</UniqueIdentifier>
    </Filter>
    <Filter Include="ETC">
      <UniqueIdentifier>{6dfb270b-830e-4b18-a77e-0e2bada3b5f4}</UniqueIdentifier>
    </Filter>
    <Filter Include="Node">
      <UniqueIdentifier>{998045d6-e1e5-4ef0-aebc-05e8f7b6a19b}</UniqueIdentifier>
    </Filter>
  </ItemGroup>
  <ItemGroup>
    <ClInclude Include="Application.h">
      <Filter>Main</Filter>
    </ClInclude>
    <ClInclude Include="Director.h">
      <Filter>Main</Filter>
    </ClInclude>
    <ClInclude Include="Renderer.h">
      <Filter>Render</Filter>
    </ClInclude>
    <ClInclude Include="Shader.h">
      <Filter>Shader</Filter>
    </ClInclude>
    <ClInclude Include="Camera.h">
      <Filter>Render</Filter>
    </ClInclude>
    <ClInclude Include="pch.h">
      <Filter>ETC</Filter>
    </ClInclude>
    <ClInclude Include="Timer.h">
      <Filter>ETC</Filter>
    </ClInclude>
    <ClInclude Include="Node.h">
      <Filter>Node</Filter>
    </ClInclude>
    <ClInclude Include="KeyStateManager.h" />
    <ClInclude Include="Box.h">
      <Filter>Node</Filter>
    </ClInclude>
  </ItemGroup>
  <ItemGroup>
    <ClCompile Include="Director.cpp">
      <Filter>Main</Filter>
    </ClCompile>
    <ClCompile Include="Application.cpp">
      <Filter>Main</Filter>
    </ClCompile>
    <ClCompile Include="WinMain.cpp">
      <Filter>Main</Filter>
    </ClCompile>
    <ClCompile Include="Renderer.cpp">
      <Filter>Render</Filter>
    </ClCompile>
    <ClCompile Include="Shader.cpp">
      <Filter>Shader</Filter>
    </ClCompile>
    <ClCompile Include="Camera.cpp">
      <Filter>Render</Filter>
    </ClCompile>
    <ClCompile Include="Timer.cpp">
      <Filter>ETC</Filter>
    </ClCompile>
    <ClCompile Include="pch.cpp">
      <Filter>ETC</Filter>
    </ClCompile>
    <ClCompile Include="Node.cpp">
      <Filter>Node</Filter>
    </ClCompile>
    <ClCompile Include="KeyStateManager.cpp" />
    <ClCompile Include="Box.cpp">
      <Filter>Node</Filter>
    </ClCompile>
  </ItemGroup>
  <ItemGroup>
    <FxCompile Include="MyShader.fx">
      <Filter>Shader</Filter>
    </FxCompile>
  </ItemGroup>
</Project>