<?xml version="1.0" encoding="utf-8"?>
<Project ToolsVersion="4.0" xmlns="http://schemas.microsoft.com/developer/msbuild/2003">
  <ItemGroup>
    <Filter Include="Shader">
      <UniqueIdentifier>{fbe96c38-a5e8-4273-88ac-ec89ad442b09}</UniqueIdentifier>
    </Filter>
    <Filter Include="main">
      <UniqueIdentifier>{32bbd4ea-572c-4f3f-a0f0-7c735e7be719}</UniqueIdentifier>
    </Filter>
    <Filter Include="Manager">
      <UniqueIdentifier>{3b861d63-c569-41b9-bf77-61062609cb05}</UniqueIdentifier>
    </Filter>
    <Filter Include="EtcHeader">
      <UniqueIdentifier>{b43be76d-4a30-4943-8ce2-e84d95ee335d}</UniqueIdentifier>
    </Filter>
    <Filter Include="Node">
      <UniqueIdentifier>{53e9c602-c976-4970-9e83-f3c64bf4428a}</UniqueIdentifier>
    </Filter>
  </ItemGroup>
  <ItemGroup>
    <ClInclude Include="DeviceManager.h">
      <Filter>Manager</Filter>
    </ClInclude>
    <ClInclude Include="WindowManager.h">
      <Filter>Manager</Filter>
    </ClInclude>
    <ClInclude Include="pch.h">
      <Filter>main</Filter>
    </ClInclude>
    <ClInclude Include="struct.h">
      <Filter>EtcHeader</Filter>
    </ClInclude>
    <ClInclude Include="Node.h">
      <Filter>Node</Filter>
    </ClInclude>
    <ClInclude Include="Box.h">
      <Filter>Node</Filter>
    </ClInclude>
    <ClInclude Include="Timer.h">
      <Filter>Manager</Filter>
    </ClInclude>
  </ItemGroup>
  <ItemGroup>
    <ClCompile Include="main.cpp">
      <Filter>main</Filter>
    </ClCompile>
    <ClCompile Include="pch.cpp">
      <Filter>main</Filter>
    </ClCompile>
    <ClCompile Include="WindowManager.cpp">
      <Filter>Manager</Filter>
    </ClCompile>
    <ClCompile Include="DeviceManager.cpp">
      <Filter>Manager</Filter>
    </ClCompile>
    <ClCompile Include="Node.cpp">
      <Filter>Node</Filter>
    </ClCompile>
    <ClCompile Include="Box.cpp">
      <Filter>Node</Filter>
    </ClCompile>
    <ClCompile Include="Timer.cpp">
      <Filter>Manager</Filter>
    </ClCompile>
  </ItemGroup>
  <ItemGroup>
    <FxCompile Include="MyShader.fx">
      <Filter>Shader</Filter>
    </FxCompile>
  </ItemGroup>
</Project>